// !$*UTF8*$!
{
	archiveVersion = 1;
	classes = {
	};
	objectVersion = 46;
	objects = {

/* Begin PBXBuildFile section */
		FFC7AC9D1D1B457100CE5401 /* AppDelegate.swift in Sources */ = {isa = PBXBuildFile; fileRef = FFC7AC9C1D1B457100CE5401 /* AppDelegate.swift */; };
		FFC7AC9F1D1B457100CE5401 /* ViewController.swift in Sources */ = {isa = PBXBuildFile; fileRef = FFC7AC9E1D1B457100CE5401 /* ViewController.swift */; };
		FFC7ACA21D1B457100CE5401 /* Main.storyboard in Resources */ = {isa = PBXBuildFile; fileRef = FFC7ACA01D1B457100CE5401 /* Main.storyboard */; };
		FFC7ACA41D1B457100CE5401 /* Assets.xcassets in Resources */ = {isa = PBXBuildFile; fileRef = FFC7ACA31D1B457100CE5401 /* Assets.xcassets */; };
		FFC7ACA71D1B457100CE5401 /* LaunchScreen.storyboard in Resources */ = {isa = PBXBuildFile; fileRef = FFC7ACA51D1B457100CE5401 /* LaunchScreen.storyboard */; };
		FFC7ACB01D1B45D200CE5401 /* BaseLoadingViewController.swift in Sources */ = {isa = PBXBuildFile; fileRef = FFC7ACAF1D1B45D200CE5401 /* BaseLoadingViewController.swift */; };
		FFC7ACB61D1B511400CE5401 /* LoadingView.swift in Sources */ = {isa = PBXBuildFile; fileRef = FFC7ACB51D1B511400CE5401 /* LoadingView.swift */; };
		FFC7ACB81D1B512F00CE5401 /* IndicatorLoadingView.swift in Sources */ = {isa = PBXBuildFile; fileRef = FFC7ACB71D1B512F00CE5401 /* IndicatorLoadingView.swift */; };
/* End PBXBuildFile section */

/* Begin PBXFileReference section */
		FFC7AC991D1B457100CE5401 /* LoadingControllerDemo.app */ = {isa = PBXFileReference; explicitFileType = wrapper.application; includeInIndex = 0; path = LoadingControllerDemo.app; sourceTree = BUILT_PRODUCTS_DIR; };
		FFC7AC9C1D1B457100CE5401 /* AppDelegate.swift */ = {isa = PBXFileReference; lastKnownFileType = sourcecode.swift; path = AppDelegate.swift; sourceTree = "<group>"; };
		FFC7AC9E1D1B457100CE5401 /* ViewController.swift */ = {isa = PBXFileReference; lastKnownFileType = sourcecode.swift; path = ViewController.swift; sourceTree = "<group>"; };
		FFC7ACA11D1B457100CE5401 /* Base */ = {isa = PBXFileReference; lastKnownFileType = file.storyboard; name = Base; path = Base.lproj/Main.storyboard; sourceTree = "<group>"; };
		FFC7ACA31D1B457100CE5401 /* Assets.xcassets */ = {isa = PBXFileReference; lastKnownFileType = folder.assetcatalog; path = Assets.xcassets; sourceTree = "<group>"; };
		FFC7ACA61D1B457100CE5401 /* Base */ = {isa = PBXFileReference; lastKnownFileType = file.storyboard; name = Base; path = Base.lproj/LaunchScreen.storyboard; sourceTree = "<group>"; };
		FFC7ACA81D1B457100CE5401 /* Info.plist */ = {isa = PBXFileReference; lastKnownFileType = text.plist.xml; path = Info.plist; sourceTree = "<group>"; };
		FFC7ACAF1D1B45D200CE5401 /* BaseLoadingViewController.swift */ = {isa = PBXFileReference; fileEncoding = 4; lastKnownFileType = sourcecode.swift; path = BaseLoadingViewController.swift; sourceTree = "<group>"; };
		FFC7ACB51D1B511400CE5401 /* LoadingView.swift */ = {isa = PBXFileReference; fileEncoding = 4; lastKnownFileType = sourcecode.swift; path = LoadingView.swift; sourceTree = "<group>"; };
		FFC7ACB71D1B512F00CE5401 /* IndicatorLoadingView.swift */ = {isa = PBXFileReference; fileEncoding = 4; lastKnownFileType = sourcecode.swift; path = IndicatorLoadingView.swift; sourceTree = "<group>"; };
/* End PBXFileReference section */

/* Begin PBXFrameworksBuildPhase section */
		FFC7AC961D1B457100CE5401 /* Frameworks */ = {
			isa = PBXFrameworksBuildPhase;
			buildActionMask = 2147483647;
			files = (
			);
			runOnlyForDeploymentPostprocessing = 0;
		};
/* End PBXFrameworksBuildPhase section */

/* Begin PBXGroup section */
		FFC7AC901D1B457100CE5401 = {
			isa = PBXGroup;
			children = (
				FFC7AC9B1D1B457100CE5401 /* LoadingControllerDemo */,
				FFC7AC9A1D1B457100CE5401 /* Products */,
			);
			sourceTree = "<group>";
		};
		FFC7AC9A1D1B457100CE5401 /* Products */ = {
			isa = PBXGroup;
			children = (
				FFC7AC991D1B457100CE5401 /* LoadingControllerDemo.app */,
			);
			name = Products;
			sourceTree = "<group>";
		};
		FFC7AC9B1D1B457100CE5401 /* LoadingControllerDemo */ = {
			isa = PBXGroup;
			children = (
				FFC7ACAE1D1B459800CE5401 /* LoadingController */,
				FFC7AC9C1D1B457100CE5401 /* AppDelegate.swift */,
				FFC7AC9E1D1B457100CE5401 /* ViewController.swift */,
				FFC7ACA01D1B457100CE5401 /* Main.storyboard */,
				FFC7ACA31D1B457100CE5401 /* Assets.xcassets */,
				FFC7ACA51D1B457100CE5401 /* LaunchScreen.storyboard */,
				FFC7ACA81D1B457100CE5401 /* Info.plist */,
			);
			path = LoadingControllerDemo;
			sourceTree = "<group>";
		};
		FFC7ACAE1D1B459800CE5401 /* LoadingController */ = {
			isa = PBXGroup;
			children = (
				FFC7ACB31D1B504D00CE5401 /* Views */,
				FFC7ACAF1D1B45D200CE5401 /* BaseLoadingViewController.swift */,
			);
			path = LoadingController;
			sourceTree = "<group>";
		};
		FFC7ACB31D1B504D00CE5401 /* Views */ = {
			isa = PBXGroup;
			children = (
				FFC7ACB41D1B504D00CE5401 /* LoadingViews */,
			);
			path = Views;
			sourceTree = "<group>";
		};
		FFC7ACB41D1B504D00CE5401 /* LoadingViews */ = {
			isa = PBXGroup;
			children = (
				FFC7ACB51D1B511400CE5401 /* LoadingView.swift */,
				FFC7ACB71D1B512F00CE5401 /* IndicatorLoadingView.swift */,
			);
			path = LoadingViews;
			sourceTree = "<group>";
		};
/* End PBXGroup section */

/* Begin PBXNativeTarget section */
		FFC7AC981D1B457100CE5401 /* LoadingControllerDemo */ = {
			isa = PBXNativeTarget;
			buildConfigurationList = FFC7ACAB1D1B457100CE5401 /* Build configuration list for PBXNativeTarget "LoadingControllerDemo" */;
			buildPhases = (
				FFC7AC951D1B457100CE5401 /* Sources */,
				FFC7AC961D1B457100CE5401 /* Frameworks */,
				FFC7AC971D1B457100CE5401 /* Resources */,
			);
			buildRules = (
			);
			dependencies = (
			);
			name = LoadingControllerDemo;
			productName = LoadingControllerDemo;
			productReference = FFC7AC991D1B457100CE5401 /* LoadingControllerDemo.app */;
			productType = "com.apple.product-type.application";
		};
/* End PBXNativeTarget section */

/* Begin PBXProject section */
		FFC7AC911D1B457100CE5401 /* Project object */ = {
			isa = PBXProject;
			attributes = {
				LastSwiftUpdateCheck = 0730;
				LastUpgradeCheck = 0730;
				ORGANIZATIONNAME = "Sapozhnik Ivan";
				TargetAttributes = {
					FFC7AC981D1B457100CE5401 = {
						CreatedOnToolsVersion = 7.3;
					};
				};
			};
			buildConfigurationList = FFC7AC941D1B457100CE5401 /* Build configuration list for PBXProject "LoadingControllerDemo" */;
			compatibilityVersion = "Xcode 3.2";
			developmentRegion = English;
			hasScannedForEncodings = 0;
			knownRegions = (
				en,
				Base,
			);
			mainGroup = FFC7AC901D1B457100CE5401;
			productRefGroup = FFC7AC9A1D1B457100CE5401 /* Products */;
			projectDirPath = "";
			projectRoot = "";
			targets = (
				FFC7AC981D1B457100CE5401 /* LoadingControllerDemo */,
			);
		};
/* End PBXProject section */

/* Begin PBXResourcesBuildPhase section */
		FFC7AC971D1B457100CE5401 /* Resources */ = {
			isa = PBXResourcesBuildPhase;
			buildActionMask = 2147483647;
			files = (
				FFC7ACA71D1B457100CE5401 /* LaunchScreen.storyboard in Resources */,
				FFC7ACA41D1B457100CE5401 /* Assets.xcassets in Resources */,
				FFC7ACA21D1B457100CE5401 /* Main.storyboard in Resources */,
			);
			runOnlyForDeploymentPostprocessing = 0;
		};
/* End PBXResourcesBuildPhase section */

/* Begin PBXSourcesBuildPhase section */
		FFC7AC951D1B457100CE5401 /* Sources */ = {
			isa = PBXSourcesBuildPhase;
			buildActionMask = 2147483647;
			files = (
				FFC7AC9F1D1B457100CE5401 /* ViewController.swift in Sources */,
				FFC7ACB61D1B511400CE5401 /* LoadingView.swift in Sources */,
				FFC7ACB81D1B512F00CE5401 /* IndicatorLoadingView.swift in Sources */,
				FFC7AC9D1D1B457100CE5401 /* AppDelegate.swift in Sources */,
				FFC7ACB01D1B45D200CE5401 /* BaseLoadingViewController.swift in Sources */,
			);
			runOnlyForDeploymentPostprocessing = 0;
		};
/* End PBXSourcesBuildPhase section */

/* Begin PBXVariantGroup section */
		FFC7ACA01D1B457100CE5401 /* Main.storyboard */ = {
			isa = PBXVariantGroup;
			children = (
				FFC7ACA11D1B457100CE5401 /* Base */,
			);
			name = Main.storyboard;
			sourceTree = "<group>";
		};
		FFC7ACA51D1B457100CE5401 /* LaunchScreen.storyboard */ = {
			isa = PBXVariantGroup;
			children = (
				FFC7ACA61D1B457100CE5401 /* Base */,
			);
			name = LaunchScreen.storyboard;
			sourceTree = "<group>";
		};
/* End PBXVariantGroup section */

/* Begin XCBuildConfiguration section */
		FFC7ACA91D1B457100CE5401 /* Debug */ = {
			isa = XCBuildConfiguration;
			buildSettings = {
				ALWAYS_SEARCH_USER_PATHS = NO;
				CLANG_ANALYZER_NONNULL = YES;
				CLANG_CXX_LANGUAGE_STANDARD = "gnu++0x";
				CLANG_CXX_LIBRARY = "libc++";
				CLANG_ENABLE_MODULES = YES;
				CLANG_ENABLE_OBJC_ARC = YES;
				CLANG_WARN_BOOL_CONVERSION = YES;
				CLANG_WARN_CONSTANT_CONVERSION = YES;
				CLANG_WARN_DIRECT_OBJC_ISA_USAGE = YES_ERROR;
				CLANG_WARN_EMPTY_BODY = YES;
				CLANG_WARN_ENUM_CONVERSION = YES;
				CLANG_WARN_INT_CONVERSION = YES;
				CLANG_WARN_OBJC_ROOT_CLASS = YES_ERROR;
				CLANG_WARN_UNREACHABLE_CODE = YES;
				CLANG_WARN__DUPLICATE_METHOD_MATCH = YES;
				"CODE_SIGN_IDENTITY[sdk=iphoneos*]" = "iPhone Developer";
				COPY_PHASE_STRIP = NO;
				DEBUG_INFORMATION_FORMAT = dwarf;
				ENABLE_STRICT_OBJC_MSGSEND = YES;
				ENABLE_TESTABILITY = YES;
				GCC_C_LANGUAGE_STANDARD = gnu99;
				GCC_DYNAMIC_NO_PIC = NO;
				GCC_NO_COMMON_BLOCKS = YES;
				GCC_OPTIMIZATION_LEVEL = 0;
				GCC_PREPROCESSOR_DEFINITIONS = (
					"DEBUG=1",
					"$(inherited)",
				);
				GCC_WARN_64_TO_32_BIT_CONVERSION = YES;
				GCC_WARN_ABOUT_RETURN_TYPE = YES_ERROR;
				GCC_WARN_UNDECLARED_SELECTOR = YES;
				GCC_WARN_UNINITIALIZED_AUTOS = YES_AGGRESSIVE;
				GCC_WARN_UNUSED_FUNCTION = YES;
				GCC_WARN_UNUSED_VARIABLE = YES;
				IPHONEOS_DEPLOYMENT_TARGET = 9.3;
				MTL_ENABLE_DEBUG_INFO = YES;
				ONLY_ACTIVE_ARCH = YES;
				SDKROOT = iphoneos;
				SWIFT_OPTIMIZATION_LEVEL = "-Onone";
				TARGETED_DEVICE_FAMILY = "1,2";
			};
			name = Debug;
		};
		FFC7ACAA1D1B457100CE5401 /* Release */ = {
			isa = XCBuildConfiguration;
			buildSettings = {
				ALWAYS_SEARCH_USER_PATHS = NO;
				CLANG_ANALYZER_NONNULL = YES;
				CLANG_CXX_LANGUAGE_STANDARD = "gnu++0x";
				CLANG_CXX_LIBRARY = "libc++";
				CLANG_ENABLE_MODULES = YES;
				CLANG_ENABLE_OBJC_ARC = YES;
				CLANG_WARN_BOOL_CONVERSION = YES;
				CLANG_WARN_CONSTANT_CONVERSION = YES;
				CLANG_WARN_DIRECT_OBJC_ISA_USAGE = YES_ERROR;
				CLANG_WARN_EMPTY_BODY = YES;
				CLANG_WARN_ENUM_CONVERSION = YES;
				CLANG_WARN_INT_CONVERSION = YES;
				CLANG_WARN_OBJC_ROOT_CLASS = YES_ERROR;
				CLANG_WARN_UNREACHABLE_CODE = YES;
				CLANG_WARN__DUPLICATE_METHOD_MATCH = YES;
				"CODE_SIGN_IDENTITY[sdk=iphoneos*]" = "iPhone Developer";
				COPY_PHASE_STRIP = NO;
				DEBUG_INFORMATION_FORMAT = "dwarf-with-dsym";
				ENABLE_NS_ASSERTIONS = NO;
				ENABLE_STRICT_OBJC_MSGSEND = YES;
				GCC_C_LANGUAGE_STANDARD = gnu99;
				GCC_NO_COMMON_BLOCKS = YES;
				GCC_WARN_64_TO_32_BIT_CONVERSION = YES;
				GCC_WARN_ABOUT_RETURN_TYPE = YES_ERROR;
				GCC_WARN_UNDECLARED_SELECTOR = YES;
				GCC_WARN_UNINITIALIZED_AUTOS = YES_AGGRESSIVE;
				GCC_WARN_UNUSED_FUNCTION = YES;
				GCC_WARN_UNUSED_VARIABLE = YES;
				IPHONEOS_DEPLOYMENT_TARGET = 9.3;
				MTL_ENABLE_DEBUG_INFO = NO;
				SDKROOT = iphoneos;
				TARGETED_DEVICE_FAMILY = "1,2";
				VALIDATE_PRODUCT = YES;
			};
			name = Release;
		};
		FFC7ACAC1D1B457100CE5401 /* Debug */ = {
			isa = XCBuildConfiguration;
			buildSettings = {
				ASSETCATALOG_COMPILER_APPICON_NAME = AppIcon;
				INFOPLIST_FILE = LoadingControllerDemo/Info.plist;
				LD_RUNPATH_SEARCH_PATHS = "$(inherited) @executable_path/Frameworks";
				OTHER_LDFLAGS = "";
				PRODUCT_BUNDLE_IDENTIFIER = "Sapozhnik-Ivan.LoadingControllerDemo";
				PRODUCT_NAME = "$(TARGET_NAME)";
			};
			name = Debug;
		};
		FFC7ACAD1D1B457100CE5401 /* Release */ = {
			isa = XCBuildConfiguration;
			buildSettings = {
				ASSETCATALOG_COMPILER_APPICON_NAME = AppIcon;
				INFOPLIST_FILE = LoadingControllerDemo/Info.plist;
				LD_RUNPATH_SEARCH_PATHS = "$(inherited) @executable_path/Frameworks";
				OTHER_LDFLAGS = "";
				PRODUCT_BUNDLE_IDENTIFIER = "Sapozhnik-Ivan.LoadingControllerDemo";
				PRODUCT_NAME = "$(TARGET_NAME)";
			};
			name = Release;
		};
/* End XCBuildConfiguration section */

/* Begin XCConfigurationList section */
		FFC7AC941D1B457100CE5401 /* Build configuration list for PBXProject "LoadingControllerDemo" */ = {
			isa = XCConfigurationList;
			buildConfigurations = (
				FFC7ACA91D1B457100CE5401 /* Debug */,
				FFC7ACAA1D1B457100CE5401 /* Release */,
			);
			defaultConfigurationIsVisible = 0;
			defaultConfigurationName = Release;
		};
		FFC7ACAB1D1B457100CE5401 /* Build configuration list for PBXNativeTarget "LoadingControllerDemo" */ = {
			isa = XCConfigurationList;
			buildConfigurations = (
				FFC7ACAC1D1B457100CE5401 /* Debug */,
				FFC7ACAD1D1B457100CE5401 /* Release */,
			);
			defaultConfigurationIsVisible = 0;
			defaultConfigurationName = Release;
		};
/* End XCConfigurationList section */
	};
	rootObject = FFC7AC911D1B457100CE5401 /* Project object */;
}
